
Microsoft Visual Studio Solution File, Format Version 12.00
# Visual Studio 14
VisualStudioVersion = 14.0.25420.1
MinimumVisualStudioVersion = 10.0.40219.1
Project("{FAE04EC0-301F-11D3-BF4B-00C04F79EFBC}") = "TestHarnessCS", "TestHarnessCS\TestHarnessCS.csproj", "{20716618-23BA-4D48-B93C-9CDE3512A815}"
EndProject
Project("{FAE04EC0-301F-11D3-BF4B-00C04F79EFBC}") = "Client1", "Client1\Client1.csproj", "{13C45398-0A47-4DC7-A7E8-6EC674225CA5}"
EndProject
Project("{FAE04EC0-301F-11D3-BF4B-00C04F79EFBC}") = "Client2", "Client2\Client2.csproj", "{B183510A-050B-4E21-A800-C23BEE7BE2C3}"
EndProject
Project("{FAE04EC0-301F-11D3-BF4B-00C04F79EFBC}") = "Server", "Server\Server.csproj", "{19B7B90B-A865-4314-9DC8-8DC63F351545}"
EndProject
Project("{FAE04EC0-301F-11D3-BF4B-00C04F79EFBC}") = "Repository", "Repository\Repository.csproj", "{05F08C61-7479-404E-8755-43F77548BE6A}"
EndProject
Project("{FAE04EC0-301F-11D3-BF4B-00C04F79EFBC}") = "BlockingQueue", "BlockingQueue\BlockingQueue.csproj", "{BF5114E9-28CF-48E0-84F6-DD85936D227B}"
EndProject
Project("{FAE04EC0-301F-11D3-BF4B-00C04F79EFBC}") = "Messages", "Messages\Messages.csproj", "{6FB1C33A-0119-4972-BFFF-BB02D4A060B7}"
EndProject
Project("{FAE04EC0-301F-11D3-BF4B-00C04F79EFBC}") = "CommChannel", "CommChannel\CommChannel.csproj", "{3D64724C-097B-4785-B85C-4F631C222EBA}"
EndProject
Project("{FAE04EC0-301F-11D3-BF4B-00C04F79EFBC}") = "Loader", "Loader\Loader.csproj", "{E4532DB1-849A-4978-B32A-21588543F05C}"
EndProject
Project("{FAE04EC0-301F-11D3-BF4B-00C04F79EFBC}") = "ITest", "ITest\ITest.csproj", "{5692F4E9-55CD-462C-B26A-EEB7C5AF94C2}"
EndProject
Project("{FAE04EC0-301F-11D3-BF4B-00C04F79EFBC}") = "msTimer", "Timer\msTimer.csproj", "{A05EB7F6-F0ED-4FFE-A336-EFE923904158}"
EndProject
Project("{FAE04EC0-301F-11D3-BF4B-00C04F79EFBC}") = "XMLInput", "XMLInput\XMLInput.csproj", "{5BCBF71B-BE4D-486E-A6D7-35D8054229D0}"
EndProject
Project("{FAE04EC0-301F-11D3-BF4B-00C04F79EFBC}") = "Logger", "Logger\Logger.csproj", "{00CB1DE7-7708-4B09-8D89-190F850A46FF}"
EndProject
Project("{FAE04EC0-301F-11D3-BF4B-00C04F79EFBC}") = "TestDriver1", "..\..\..\Documents\Visual Studio 2015\Projects\TestHarnessCS\TestDriver1\TestDriver1.csproj", "{F73CA29E-2B2B-4346-88E6-009B01D83D51}"
EndProject
Project("{FAE04EC0-301F-11D3-BF4B-00C04F79EFBC}") = "TestingDriver2", "..\..\..\Documents\Visual Studio 2015\Projects\TestHarnessCS\TestingDriver2\TestingDriver2.csproj", "{183A4A85-B63B-45D8-8D34-6D298AB7AAE1}"
EndProject
Project("{FAE04EC0-301F-11D3-BF4B-00C04F79EFBC}") = "TestingLibrary1", "..\..\..\Documents\Visual Studio 2015\Projects\TestHarnessCS\TestingLibrary1\TestingLibrary1.csproj", "{3F50DF67-71CA-4AA6-BC15-5A25AD325BCB}"
EndProject
Project("{FAE04EC0-301F-11D3-BF4B-00C04F79EFBC}") = "TestingLibrary2", "..\..\..\Documents\Visual Studio 2015\Projects\TestHarnessCS\TestingLibrary2\TestingLibrary2.csproj", "{3511FCFA-C46E-4959-B9A9-60364526552F}"
EndProject
Project("{2150E333-8FDC-42A3-9474-1A3956D46DE8}") = "Solution Items", "Solution Items", "{694A61CE-7402-4846-8C62-B1F46914AC7D}"
	ProjectSection(SolutionItems) = preProject
		..\..\readme.txt = ..\..\readme.txt
	EndProjectSection
EndProject
Global
	GlobalSection(SolutionConfigurationPlatforms) = preSolution
		Debug|Any CPU = Debug|Any CPU
		Debug|x86 = Debug|x86
		Release|Any CPU = Release|Any CPU
		Release|x86 = Release|x86
	EndGlobalSection
	GlobalSection(ProjectConfigurationPlatforms) = postSolution
		{20716618-23BA-4D48-B93C-9CDE3512A815}.Debug|Any CPU.ActiveCfg = Debug|Any CPU
		{20716618-23BA-4D48-B93C-9CDE3512A815}.Debug|Any CPU.Build.0 = Debug|Any CPU
		{20716618-23BA-4D48-B93C-9CDE3512A815}.Debug|x86.ActiveCfg = Debug|Any CPU
		{20716618-23BA-4D48-B93C-9CDE3512A815}.Debug|x86.Build.0 = Debug|Any CPU
		{20716618-23BA-4D48-B93C-9CDE3512A815}.Release|Any CPU.ActiveCfg = Release|Any CPU
		{20716618-23BA-4D48-B93C-9CDE3512A815}.Release|Any CPU.Build.0 = Release|Any CPU
		{20716618-23BA-4D48-B93C-9CDE3512A815}.Release|x86.ActiveCfg = Release|Any CPU
		{20716618-23BA-4D48-B93C-9CDE3512A815}.Release|x86.Build.0 = Release|Any CPU
		{13C45398-0A47-4DC7-A7E8-6EC674225CA5}.Debug|Any CPU.ActiveCfg = Debug|Any CPU
		{13C45398-0A47-4DC7-A7E8-6EC674225CA5}.Debug|Any CPU.Build.0 = Debug|Any CPU
		{13C45398-0A47-4DC7-A7E8-6EC674225CA5}.Debug|x86.ActiveCfg = Debug|Any CPU
		{13C45398-0A47-4DC7-A7E8-6EC674225CA5}.Debug|x86.Build.0 = Debug|Any CPU
		{13C45398-0A47-4DC7-A7E8-6EC674225CA5}.Release|Any CPU.ActiveCfg = Release|Any CPU
		{13C45398-0A47-4DC7-A7E8-6EC674225CA5}.Release|Any CPU.Build.0 = Release|Any CPU
		{13C45398-0A47-4DC7-A7E8-6EC674225CA5}.Release|x86.ActiveCfg = Release|Any CPU
		{13C45398-0A47-4DC7-A7E8-6EC674225CA5}.Release|x86.Build.0 = Release|Any CPU
		{B183510A-050B-4E21-A800-C23BEE7BE2C3}.Debug|Any CPU.ActiveCfg = Debug|Any CPU
		{B183510A-050B-4E21-A800-C23BEE7BE2C3}.Debug|Any CPU.Build.0 = Debug|Any CPU
		{B183510A-050B-4E21-A800-C23BEE7BE2C3}.Debug|x86.ActiveCfg = Debug|Any CPU
		{B183510A-050B-4E21-A800-C23BEE7BE2C3}.Debug|x86.Build.0 = Debug|Any CPU
		{B183510A-050B-4E21-A800-C23BEE7BE2C3}.Release|Any CPU.ActiveCfg = Release|Any CPU
		{B183510A-050B-4E21-A800-C23BEE7BE2C3}.Release|Any CPU.Build.0 = Release|Any CPU
		{B183510A-050B-4E21-A800-C23BEE7BE2C3}.Release|x86.ActiveCfg = Release|Any CPU
		{B183510A-050B-4E21-A800-C23BEE7BE2C3}.Release|x86.Build.0 = Release|Any CPU
		{19B7B90B-A865-4314-9DC8-8DC63F351545}.Debug|Any CPU.ActiveCfg = Debug|Any CPU
		{19B7B90B-A865-4314-9DC8-8DC63F351545}.Debug|Any CPU.Build.0 = Debug|Any CPU
		{19B7B90B-A865-4314-9DC8-8DC63F351545}.Debug|x86.ActiveCfg = Debug|Any CPU
		{19B7B90B-A865-4314-9DC8-8DC63F351545}.Debug|x86.Build.0 = Debug|Any CPU
		{19B7B90B-A865-4314-9DC8-8DC63F351545}.Release|Any CPU.ActiveCfg = Release|Any CPU
		{19B7B90B-A865-4314-9DC8-8DC63F351545}.Release|Any CPU.Build.0 = Release|Any CPU
		{19B7B90B-A865-4314-9DC8-8DC63F351545}.Release|x86.ActiveCfg = Release|Any CPU
		{19B7B90B-A865-4314-9DC8-8DC63F351545}.Release|x86.Build.0 = Release|Any CPU
		{05F08C61-7479-404E-8755-43F77548BE6A}.Debug|Any CPU.ActiveCfg = Debug|Any CPU
		{05F08C61-7479-404E-8755-43F77548BE6A}.Debug|Any CPU.Build.0 = Debug|Any CPU
		{05F08C61-7479-404E-8755-43F77548BE6A}.Debug|x86.ActiveCfg = Debug|Any CPU
		{05F08C61-7479-404E-8755-43F77548BE6A}.Debug|x86.Build.0 = Debug|Any CPU
		{05F08C61-7479-404E-8755-43F77548BE6A}.Release|Any CPU.ActiveCfg = Release|Any CPU
		{05F08C61-7479-404E-8755-43F77548BE6A}.Release|Any CPU.Build.0 = Release|Any CPU
		{05F08C61-7479-404E-8755-43F77548BE6A}.Release|x86.ActiveCfg = Release|Any CPU
		{05F08C61-7479-404E-8755-43F77548BE6A}.Release|x86.Build.0 = Release|Any CPU
		{BF5114E9-28CF-48E0-84F6-DD85936D227B}.Debug|Any CPU.ActiveCfg = Debug|Any CPU
		{BF5114E9-28CF-48E0-84F6-DD85936D227B}.Debug|Any CPU.Build.0 = Debug|Any CPU
		{BF5114E9-28CF-48E0-84F6-DD85936D227B}.Debug|x86.ActiveCfg = Debug|Any CPU
		{BF5114E9-28CF-48E0-84F6-DD85936D227B}.Debug|x86.Build.0 = Debug|Any CPU
		{BF5114E9-28CF-48E0-84F6-DD85936D227B}.Release|Any CPU.ActiveCfg = Release|Any CPU
		{BF5114E9-28CF-48E0-84F6-DD85936D227B}.Release|Any CPU.Build.0 = Release|Any CPU
		{BF5114E9-28CF-48E0-84F6-DD85936D227B}.Release|x86.ActiveCfg = Release|Any CPU
		{BF5114E9-28CF-48E0-84F6-DD85936D227B}.Release|x86.Build.0 = Release|Any CPU
		{6FB1C33A-0119-4972-BFFF-BB02D4A060B7}.Debug|Any CPU.ActiveCfg = Debug|Any CPU
		{6FB1C33A-0119-4972-BFFF-BB02D4A060B7}.Debug|Any CPU.Build.0 = Debug|Any CPU
		{6FB1C33A-0119-4972-BFFF-BB02D4A060B7}.Debug|x86.ActiveCfg = Debug|Any CPU
		{6FB1C33A-0119-4972-BFFF-BB02D4A060B7}.Debug|x86.Build.0 = Debug|Any CPU
		{6FB1C33A-0119-4972-BFFF-BB02D4A060B7}.Release|Any CPU.ActiveCfg = Release|Any CPU
		{6FB1C33A-0119-4972-BFFF-BB02D4A060B7}.Release|Any CPU.Build.0 = Release|Any CPU
		{6FB1C33A-0119-4972-BFFF-BB02D4A060B7}.Release|x86.ActiveCfg = Release|Any CPU
		{6FB1C33A-0119-4972-BFFF-BB02D4A060B7}.Release|x86.Build.0 = Release|Any CPU
		{3D64724C-097B-4785-B85C-4F631C222EBA}.Debug|Any CPU.ActiveCfg = Debug|Any CPU
		{3D64724C-097B-4785-B85C-4F631C222EBA}.Debug|Any CPU.Build.0 = Debug|Any CPU
		{3D64724C-097B-4785-B85C-4F631C222EBA}.Debug|x86.ActiveCfg = Debug|Any CPU
		{3D64724C-097B-4785-B85C-4F631C222EBA}.Debug|x86.Build.0 = Debug|Any CPU
		{3D64724C-097B-4785-B85C-4F631C222EBA}.Release|Any CPU.ActiveCfg = Release|Any CPU
		{3D64724C-097B-4785-B85C-4F631C222EBA}.Release|Any CPU.Build.0 = Release|Any CPU
		{3D64724C-097B-4785-B85C-4F631C222EBA}.Release|x86.ActiveCfg = Release|Any CPU
		{3D64724C-097B-4785-B85C-4F631C222EBA}.Release|x86.Build.0 = Release|Any CPU
		{E4532DB1-849A-4978-B32A-21588543F05C}.Debug|Any CPU.ActiveCfg = Debug|Any CPU
		{E4532DB1-849A-4978-B32A-21588543F05C}.Debug|Any CPU.Build.0 = Debug|Any CPU
		{E4532DB1-849A-4978-B32A-21588543F05C}.Debug|x86.ActiveCfg = Debug|Any CPU
		{E4532DB1-849A-4978-B32A-21588543F05C}.Debug|x86.Build.0 = Debug|Any CPU
		{E4532DB1-849A-4978-B32A-21588543F05C}.Release|Any CPU.ActiveCfg = Release|Any CPU
		{E4532DB1-849A-4978-B32A-21588543F05C}.Release|Any CPU.Build.0 = Release|Any CPU
		{E4532DB1-849A-4978-B32A-21588543F05C}.Release|x86.ActiveCfg = Release|Any CPU
		{E4532DB1-849A-4978-B32A-21588543F05C}.Release|x86.Build.0 = Release|Any CPU
		{5692F4E9-55CD-462C-B26A-EEB7C5AF94C2}.Debug|Any CPU.ActiveCfg = Debug|Any CPU
		{5692F4E9-55CD-462C-B26A-EEB7C5AF94C2}.Debug|Any CPU.Build.0 = Debug|Any CPU
		{5692F4E9-55CD-462C-B26A-EEB7C5AF94C2}.Debug|x86.ActiveCfg = Debug|Any CPU
		{5692F4E9-55CD-462C-B26A-EEB7C5AF94C2}.Debug|x86.Build.0 = Debug|Any CPU
		{5692F4E9-55CD-462C-B26A-EEB7C5AF94C2}.Release|Any CPU.ActiveCfg = Release|Any CPU
		{5692F4E9-55CD-462C-B26A-EEB7C5AF94C2}.Release|Any CPU.Build.0 = Release|Any CPU
		{5692F4E9-55CD-462C-B26A-EEB7C5AF94C2}.Release|x86.ActiveCfg = Release|Any CPU
		{5692F4E9-55CD-462C-B26A-EEB7C5AF94C2}.Release|x86.Build.0 = Release|Any CPU
		{A05EB7F6-F0ED-4FFE-A336-EFE923904158}.Debug|Any CPU.ActiveCfg = Debug|Any CPU
		{A05EB7F6-F0ED-4FFE-A336-EFE923904158}.Debug|Any CPU.Build.0 = Debug|Any CPU
		{A05EB7F6-F0ED-4FFE-A336-EFE923904158}.Debug|x86.ActiveCfg = Debug|Any CPU
		{A05EB7F6-F0ED-4FFE-A336-EFE923904158}.Debug|x86.Build.0 = Debug|Any CPU
		{A05EB7F6-F0ED-4FFE-A336-EFE923904158}.Release|Any CPU.ActiveCfg = Release|Any CPU
		{A05EB7F6-F0ED-4FFE-A336-EFE923904158}.Release|Any CPU.Build.0 = Release|Any CPU
		{A05EB7F6-F0ED-4FFE-A336-EFE923904158}.Release|x86.ActiveCfg = Release|Any CPU
		{A05EB7F6-F0ED-4FFE-A336-EFE923904158}.Release|x86.Build.0 = Release|Any CPU
		{5BCBF71B-BE4D-486E-A6D7-35D8054229D0}.Debug|Any CPU.ActiveCfg = Debug|Any CPU
		{5BCBF71B-BE4D-486E-A6D7-35D8054229D0}.Debug|Any CPU.Build.0 = Debug|Any CPU
		{5BCBF71B-BE4D-486E-A6D7-35D8054229D0}.Debug|x86.ActiveCfg = Debug|Any CPU
		{5BCBF71B-BE4D-486E-A6D7-35D8054229D0}.Debug|x86.Build.0 = Debug|Any CPU
		{5BCBF71B-BE4D-486E-A6D7-35D8054229D0}.Release|Any CPU.ActiveCfg = Release|Any CPU
		{5BCBF71B-BE4D-486E-A6D7-35D8054229D0}.Release|Any CPU.Build.0 = Release|Any CPU
		{5BCBF71B-BE4D-486E-A6D7-35D8054229D0}.Release|x86.ActiveCfg = Release|Any CPU
		{5BCBF71B-BE4D-486E-A6D7-35D8054229D0}.Release|x86.Build.0 = Release|Any CPU
		{00CB1DE7-7708-4B09-8D89-190F850A46FF}.Debug|Any CPU.ActiveCfg = Debug|Any CPU
		{00CB1DE7-7708-4B09-8D89-190F850A46FF}.Debug|Any CPU.Build.0 = Debug|Any CPU
		{00CB1DE7-7708-4B09-8D89-190F850A46FF}.Debug|x86.ActiveCfg = Debug|Any CPU
		{00CB1DE7-7708-4B09-8D89-190F850A46FF}.Debug|x86.Build.0 = Debug|Any CPU
		{00CB1DE7-7708-4B09-8D89-190F850A46FF}.Release|Any CPU.ActiveCfg = Release|Any CPU
		{00CB1DE7-7708-4B09-8D89-190F850A46FF}.Release|Any CPU.Build.0 = Release|Any CPU
		{00CB1DE7-7708-4B09-8D89-190F850A46FF}.Release|x86.ActiveCfg = Release|Any CPU
		{00CB1DE7-7708-4B09-8D89-190F850A46FF}.Release|x86.Build.0 = Release|Any CPU
		{F73CA29E-2B2B-4346-88E6-009B01D83D51}.Debug|Any CPU.ActiveCfg = Debug|Any CPU
		{F73CA29E-2B2B-4346-88E6-009B01D83D51}.Debug|Any CPU.Build.0 = Debug|Any CPU
		{F73CA29E-2B2B-4346-88E6-009B01D83D51}.Debug|x86.ActiveCfg = Debug|Any CPU
		{F73CA29E-2B2B-4346-88E6-009B01D83D51}.Debug|x86.Build.0 = Debug|Any CPU
		{F73CA29E-2B2B-4346-88E6-009B01D83D51}.Release|Any CPU.ActiveCfg = Release|Any CPU
		{F73CA29E-2B2B-4346-88E6-009B01D83D51}.Release|Any CPU.Build.0 = Release|Any CPU
		{F73CA29E-2B2B-4346-88E6-009B01D83D51}.Release|x86.ActiveCfg = Release|Any CPU
		{F73CA29E-2B2B-4346-88E6-009B01D83D51}.Release|x86.Build.0 = Release|Any CPU
		{183A4A85-B63B-45D8-8D34-6D298AB7AAE1}.Debug|Any CPU.ActiveCfg = Debug|Any CPU
		{183A4A85-B63B-45D8-8D34-6D298AB7AAE1}.Debug|Any CPU.Build.0 = Debug|Any CPU
		{183A4A85-B63B-45D8-8D34-6D298AB7AAE1}.Debug|x86.ActiveCfg = Debug|x86
		{183A4A85-B63B-45D8-8D34-6D298AB7AAE1}.Debug|x86.Build.0 = Debug|x86
		{183A4A85-B63B-45D8-8D34-6D298AB7AAE1}.Release|Any CPU.ActiveCfg = Release|Any CPU
		{183A4A85-B63B-45D8-8D34-6D298AB7AAE1}.Release|Any CPU.Build.0 = Release|Any CPU
		{183A4A85-B63B-45D8-8D34-6D298AB7AAE1}.Release|x86.ActiveCfg = Release|x86
		{183A4A85-B63B-45D8-8D34-6D298AB7AAE1}.Release|x86.Build.0 = Release|x86
		{3F50DF67-71CA-4AA6-BC15-5A25AD325BCB}.Debug|Any CPU.ActiveCfg = Debug|Any CPU
		{3F50DF67-71CA-4AA6-BC15-5A25AD325BCB}.Debug|Any CPU.Build.0 = Debug|Any CPU
		{3F50DF67-71CA-4AA6-BC15-5A25AD325BCB}.Debug|x86.ActiveCfg = Debug|x86
		{3F50DF67-71CA-4AA6-BC15-5A25AD325BCB}.Debug|x86.Build.0 = Debug|x86
		{3F50DF67-71CA-4AA6-BC15-5A25AD325BCB}.Release|Any CPU.ActiveCfg = Release|Any CPU
		{3F50DF67-71CA-4AA6-BC15-5A25AD325BCB}.Release|Any CPU.Build.0 = Release|Any CPU
		{3F50DF67-71CA-4AA6-BC15-5A25AD325BCB}.Release|x86.ActiveCfg = Release|x86
		{3F50DF67-71CA-4AA6-BC15-5A25AD325BCB}.Release|x86.Build.0 = Release|x86
		{3511FCFA-C46E-4959-B9A9-60364526552F}.Debug|Any CPU.ActiveCfg = Debug|Any CPU
		{3511FCFA-C46E-4959-B9A9-60364526552F}.Debug|Any CPU.Build.0 = Debug|Any CPU
		{3511FCFA-C46E-4959-B9A9-60364526552F}.Debug|x86.ActiveCfg = Debug|x86
		{3511FCFA-C46E-4959-B9A9-60364526552F}.Debug|x86.Build.0 = Debug|x86
		{3511FCFA-C46E-4959-B9A9-60364526552F}.Release|Any CPU.ActiveCfg = Release|Any CPU
		{3511FCFA-C46E-4959-B9A9-60364526552F}.Release|Any CPU.Build.0 = Release|Any CPU
		{3511FCFA-C46E-4959-B9A9-60364526552F}.Release|x86.ActiveCfg = Release|x86
		{3511FCFA-C46E-4959-B9A9-60364526552F}.Release|x86.Build.0 = Release|x86
	EndGlobalSection
	GlobalSection(SolutionProperties) = preSolution
		HideSolutionNode = FALSE
	EndGlobalSection
EndGlobal
